{
    "_meta": {
        "hash": {
            "sha256": "fd092cb3d1e512a308a091f23142552717faa74cca819998f45e9338d2fb2c0d"
        },
        "pipfile-spec": 6,
        "requires": {
            "python_version": "3.8"
        },
        "sources": [
            {
                "name": "pypi",
                "url": "https://pypi.org/simple",
                "verify_ssl": true
            }
        ]
    },
    "default": {
        "h5py": {
            "hashes": [
                "sha256:0b0f002f5f341afe7d3d7e15198e80d9021da24a4d182d88068d79bfc91fba86",
                "sha256:1edf33e722d47c6eb3878d51173b23dd848939f006f41b498bafceff87fb4cbd",
                "sha256:46917f20021dde02865572a5fd2bb620945f7b7cd268bdc8e3f5720c32b38140",
                "sha256:708ddff49af12c01d77e0f9782bb1a0364d96459ec0d1f85d90baea6d203764b",
                "sha256:8745e5159830d7975a9cf38690455f22601509cda04de29b7e88b3fbdc747611",
                "sha256:8e809149f95d9a3a33b1279bfbf894c78635a5497e8d5ac37420fa5ec0cf4f29",
                "sha256:aa511bd05a9174c3008becdc93bd5785e254d34a6ab5f0425e6b2fbbc88afa6d",
                "sha256:bb4ce46095e3b16c872aaf62adad33f40039fecae04674eb62c035386affcb91",
                "sha256:be2a545f09074546f73305e0db6d36aaf1fb6ea2fcf1add2ce306b9c7f78e55a",
                "sha256:ee1c683d91ab010d5e85cb61e8f9e7ee0d8eab545bf3dd50a9618f1d0e8f615e"
            ],
            "index": "pypi",
            "version": "==3.4.0"
        },
        "numpy": {
            "hashes": [
                "sha256:09858463db6dd9f78b2a1a05c93f3b33d4f65975771e90d2cf7aadb7c2f66edf",
                "sha256:209666ce9d4a817e8a4597cd475b71b4878a85fa4b8db41d79fdb4fdee01dde2",
                "sha256:298156f4d3d46815eaf0fcf0a03f9625fc7631692bd1ad851517ab93c3168fc6",
                "sha256:30fc68307c0155d2a75ad19844224be0f2c6f06572d958db4e2053f816b859ad",
                "sha256:423216d8afc5923b15df86037c6053bf030d15cc9e3224206ef868c2d63dd6dc",
                "sha256:426a00b68b0d21f2deb2ace3c6d677e611ad5a612d2c76494e24a562a930c254",
                "sha256:466e682264b14982012887e90346d33435c984b7fead7b85e634903795c8fdb0",
                "sha256:51a7b9db0a2941434cd930dacaafe0fc9da8f3d6157f9d12f761bbde93f46218",
                "sha256:52a664323273c08f3b473548bf87c8145b7513afd63e4ebba8496ecd3853df13",
                "sha256:550564024dc5ceee9421a86fc0fb378aa9d222d4d0f858f6669eff7410c89bef",
                "sha256:5de64950137f3a50b76ce93556db392e8f1f954c2d8207f78a92d1f79aa9f737",
                "sha256:640c1ccfd56724f2955c237b6ccce2e5b8607c3bc1cc51d3933b8c48d1da3723",
                "sha256:7fdc7689daf3b845934d67cb221ba8d250fdca20ac0334fea32f7091b93f00d3",
                "sha256:805459ad8baaf815883d0d6f86e45b3b0b67d823a8f3fa39b1ed9c45eaf5edf1",
                "sha256:92a0ab128b07799dd5b9077a9af075a63467d03ebac6f8a93e6440abfea4120d",
                "sha256:9f2dc79c093f6c5113718d3d90c283f11463d77daa4e83aeeac088ec6a0bda52",
                "sha256:a5109345f5ce7ddb3840f5970de71c34a0ff7fceb133c9441283bb8250f532a3",
                "sha256:a55e4d81c4260386f71d22294795c87609164e22b28ba0d435850fbdf82fc0c5",
                "sha256:a9da45b748caad72ea4a4ed57e9cd382089f33c5ec330a804eb420a496fa760f",
                "sha256:b160b9a99ecc6559d9e6d461b95c8eec21461b332f80267ad2c10394b9503496",
                "sha256:b342064e647d099ca765f19672696ad50c953cac95b566af1492fd142283580f",
                "sha256:b5e8590b9245803c849e09bae070a8e1ff444f45e3f0bed558dd722119eea724",
                "sha256:bf75d5825ef47aa51d669b03ce635ecb84d69311e05eccea083f31c7570c9931",
                "sha256:c01b59b33c7c3ba90744f2c695be571a3bd40ab2ba7f3d169ffa6db3cfba614f",
                "sha256:d96a6a7d74af56feb11e9a443150216578ea07b7450f7c05df40eec90af7f4a7",
                "sha256:dd0e3651d210068d13e18503d75aaa45656eef51ef0b261f891788589db2cc38",
                "sha256:e167b9805de54367dcb2043519382be541117503ce99e3291cc9b41ca0a83557",
                "sha256:e42029e184008a5fd3d819323345e25e2337b0ac7f5c135b7623308530209d57",
                "sha256:f545c082eeb09ae678dd451a1b1dbf17babd8a0d7adea02897a76e639afca310",
                "sha256:fde50062d67d805bc96f1a9ecc0d37bfc2a8f02b937d2c50824d186aa91f2419"
            ],
            "markers": "python_version == '3.8'",
            "version": "==1.21.2"
        }
    },
    "develop": {}
}
